
Microsoft Visual Studio Solution File, Format Version 12.00
# Visual Studio Version 16
VisualStudioVersion = 16.0.31515.178
MinimumVisualStudioVersion = 10.0.40219.1
Project("{FAE04EC0-301F-11D3-BF4B-00C04F79EFBC}") = "ClassMetotDemo", "ClassMetotDemo\ClassMetotDemo.csproj", "{E29D59BC-6967-47DE-BB45-5FC1E743C3F4}"
EndProject
Global
	GlobalSection(SolutionConfigurationPlatforms) = preSolution
		Debug|Any CPU = Debug|Any CPU
		Release|Any CPU = Release|Any CPU
	EndGlobalSection
	GlobalSection(ProjectConfigurationPlatforms) = postSolution
		{E29D59BC-6967-47DE-BB45-5FC1E743C3F4}.Debug|Any CPU.ActiveCfg = Debug|Any CPU
		{E29D59BC-6967-47DE-BB45-5FC1E743C3F4}.Debug|Any CPU.Build.0 = Debug|Any CPU
		{E29D59BC-6967-47DE-BB45-5FC1E743C3F4}.Release|Any CPU.ActiveCfg = Release|Any CPU
		{E29D59BC-6967-47DE-BB45-5FC1E743C3F4}.Release|Any CPU.Build.0 = Release|Any CPU
	EndGlobalSection
	GlobalSection(SolutionProperties) = preSolution
		HideSolutionNode = FALSE
	EndGlobalSection
	GlobalSection(ExtensibilityGlobals) = postSolution
		SolutionGuid = {095F8DB1-E8D7-49F0-8968-C695EDA74F64}
	EndGlobalSection
EndGlobal
